dependencies:
- name: private-llm-operator
  repository: file://../private-llm-operator
  version: 2.14.0
- name: private-llm-sync-agent
  repository: file://../private-llm-sync-agent
  version: 2.14.0
digest: sha256:06c969664fb36bf03ef120c6b26599f9d2195850fb53701399b6326c486fb221
generated: "2026-08-16T00:33:02.719485+02:00"
